
Microsoft Visual Studio Solution File, Format Version 12.00
# Visual Studio Version 17
VisualStudioVersion = 17.4.33213.308
MinimumVisualStudioVersion = 10.0.40219.1
Project("{8BC9CEB8-8B4A-11D0-8D11-00A0C91BC942}") = "ex1", "ex1\ex1.vcxproj", "{BFB824B1-B287-41DD-A542-5711D096F650}"
EndProject
Project("{8BC9CEB8-8B4A-11D0-8D11-00A0C91BC942}") = "ex2", "ex2\ex2.vcxproj", "{5DAC13CD-0E39-45DC-ABEB-456466707105}"
EndProject
Project("{8BC9CEB8-8B4A-11D0-8D11-00A0C91BC942}") = "ex3", "ex3\ex3.vcxproj", "{87771003-6C44-4F83-BD5E-B5B8D83BA509}"
EndProject
Global
	GlobalSection(SolutionConfigurationPlatforms) = preSolution
		Debug|x64 = Debug|x64
		Debug|x86 = Debug|x86
		Release|x64 = Release|x64
		Release|x86 = Release|x86
	EndGlobalSection
	GlobalSection(ProjectConfigurationPlatforms) = postSolution
		{BFB824B1-B287-41DD-A542-5711D096F650}.Debug|x64.ActiveCfg = Debug|x64
		{BFB824B1-B287-41DD-A542-5711D096F650}.Debug|x64.Build.0 = Debug|x64
		{BFB824B1-B287-41DD-A542-5711D096F650}.Debug|x86.ActiveCfg = Debug|Win32
		{BFB824B1-B287-41DD-A542-5711D096F650}.Debug|x86.Build.0 = Debug|Win32
		{BFB824B1-B287-41DD-A542-5711D096F650}.Release|x64.ActiveCfg = Release|x64
		{BFB824B1-B287-41DD-A542-5711D096F650}.Release|x64.Build.0 = Release|x64
		{BFB824B1-B287-41DD-A542-5711D096F650}.Release|x86.ActiveCfg = Release|Win32
		{BFB824B1-B287-41DD-A542-5711D096F650}.Release|x86.Build.0 = Release|Win32
		{5DAC13CD-0E39-45DC-ABEB-456466707105}.Debug|x64.ActiveCfg = Debug|x64
		{5DAC13CD-0E39-45DC-ABEB-456466707105}.Debug|x64.Build.0 = Debug|x64
		{5DAC13CD-0E39-45DC-ABEB-456466707105}.Debug|x86.ActiveCfg = Debug|Win32
		{5DAC13CD-0E39-45DC-ABEB-456466707105}.Debug|x86.Build.0 = Debug|Win32
		{5DAC13CD-0E39-45DC-ABEB-456466707105}.Release|x64.ActiveCfg = Release|x64
		{5DAC13CD-0E39-45DC-ABEB-456466707105}.Release|x64.Build.0 = Release|x64
		{5DAC13CD-0E39-45DC-ABEB-456466707105}.Release|x86.ActiveCfg = Release|Win32
		{5DAC13CD-0E39-45DC-ABEB-456466707105}.Release|x86.Build.0 = Release|Win32
		{87771003-6C44-4F83-BD5E-B5B8D83BA509}.Debug|x64.ActiveCfg = Debug|x64
		{87771003-6C44-4F83-BD5E-B5B8D83BA509}.Debug|x64.Build.0 = Debug|x64
		{87771003-6C44-4F83-BD5E-B5B8D83BA509}.Debug|x86.ActiveCfg = Debug|Win32
		{87771003-6C44-4F83-BD5E-B5B8D83BA509}.Debug|x86.Build.0 = Debug|Win32
		{87771003-6C44-4F83-BD5E-B5B8D83BA509}.Release|x64.ActiveCfg = Release|x64
		{87771003-6C44-4F83-BD5E-B5B8D83BA509}.Release|x64.Build.0 = Release|x64
		{87771003-6C44-4F83-BD5E-B5B8D83BA509}.Release|x86.ActiveCfg = Release|Win32
		{87771003-6C44-4F83-BD5E-B5B8D83BA509}.Release|x86.Build.0 = Release|Win32
	EndGlobalSection
	GlobalSection(SolutionProperties) = preSolution
		HideSolutionNode = FALSE
	EndGlobalSection
	GlobalSection(ExtensibilityGlobals) = postSolution
		SolutionGuid = {7A4F97E2-015C-42C0-918B-22782FBAE1E6}
	EndGlobalSection
EndGlobal
